
Microsoft Visual Studio Solution File, Format Version 12.00
# Visual Studio Version 17
VisualStudioVersion = 17.13.35828.75 d17.13
MinimumVisualStudioVersion = 10.0.40219.1
Project("{FAE04EC0-301F-11D3-BF4B-00C04F79EFBC}") = "MilanaBot", "MilanaBot.csproj", "{ABF55DD4-2503-4812-83FA-0FBA605AB97D}"
EndProject
Global
	GlobalSection(SolutionConfigurationPlatforms) = preSolution
		Debug|Any CPU = Debug|Any CPU
		Release|Any CPU = Release|Any CPU
	EndGlobalSection
	GlobalSection(ProjectConfigurationPlatforms) = postSolution
		{ABF55DD4-2503-4812-83FA-0FBA605AB97D}.Debug|Any CPU.ActiveCfg = Debug|Any CPU
		{ABF55DD4-2503-4812-83FA-0FBA605AB97D}.Debug|Any CPU.Build.0 = Debug|Any CPU
		{ABF55DD4-2503-4812-83FA-0FBA605AB97D}.Release|Any CPU.ActiveCfg = Release|Any CPU
		{ABF55DD4-2503-4812-83FA-0FBA605AB97D}.Release|Any CPU.Build.0 = Release|Any CPU
	EndGlobalSection
	GlobalSection(SolutionProperties) = preSolution
		HideSolutionNode = FALSE
	EndGlobalSection
	GlobalSection(ExtensibilityGlobals) = postSolution
		SolutionGuid = {3549F265-724D-4A86-B763-47950766DE1E}
	EndGlobalSection
EndGlobal
